Microsoft Visual Studio Solution File, Format Version 12.00
# Visual Studio Version 17
VisualStudioVersion = 17.5.2.0
MinimumVisualStudioVersion = 10.0.40219.1
Project("{FAE04EC0-301F-11D3-BF4B-00C04F79EFBC}") = "Tracker", "Tracker.csproj", "{CF0A56A9-572A-6EAD-1B13-03B858428FD3}"
EndProject
Global
	GlobalSection(SolutionConfigurationPlatforms) = preSolution
		Debug|Any CPU = Debug|Any CPU
		Release|Any CPU = Release|Any CPU
	EndGlobalSection
	GlobalSection(ProjectConfigurationPlatforms) = postSolution
		{CF0A56A9-572A-6EAD-1B13-03B858428FD3}.Debug|Any CPU.ActiveCfg = Debug|Any CPU
		{CF0A56A9-572A-6EAD-1B13-03B858428FD3}.Debug|Any CPU.Build.0 = Debug|Any CPU
		{CF0A56A9-572A-6EAD-1B13-03B858428FD3}.Release|Any CPU.ActiveCfg = Release|Any CPU
		{CF0A56A9-572A-6EAD-1B13-03B858428FD3}.Release|Any CPU.Build.0 = Release|Any CPU
	EndGlobalSection
	GlobalSection(SolutionProperties) = preSolution
		HideSolutionNode = FALSE
	EndGlobalSection
	GlobalSection(ExtensibilityGlobals) = postSolution
		SolutionGuid = {57118388-5C8C-4967-B365-5926FDCC6E4B}
	EndGlobalSection
EndGlobal
